{
  "originHash" : "0a70230b1445dda0dfa1c1c2ada646829d5e8400060a37928644cc04aa1b1da1",
  "pins" : [
    {
      "identity" : "blackbird",
      "kind" : "remoteSourceControl",
      "location" : "https://github.com/iCalvin-Actual/Blackbird",
      "state" : {
        "branch" : "main",
        "revision" : "7cb648465eb4babf77952d68c855d20517f2b962"
      }
    },
    {
      "identity" : "ink",
      "kind" : "remoteSourceControl",
      "location" : "https://github.com/JohnSundell/Ink",
      "state" : {
        "revision" : "77c3d8953374a9cf5418ef0bd7108524999de85a",
        "version" : "0.5.1"
      }
    },
    {
      "identity" : "markupeditor",
      "kind" : "remoteSourceControl",
      "location" : "https://github.com/stevengharris/MarkupEditor",
      "state" : {
        "revision" : "45300e4d85da8dea56395da0ada8ff88662d54a3",
        "version" : "0.5.1"
      }
    },
    {
      "identity" : "networkimage",
      "kind" : "remoteSourceControl",
      "location" : "https://github.com/gonzalezreal/NetworkImage",
      "state" : {
        "revision" : "7aff8d1b31148d32c5933d75557d42f6323ee3d1",
        "version" : "6.0.0"
      }
    },
    {
      "identity" : "swift-markdown-ui",
      "kind" : "remoteSourceControl",
      "location" : "https://github.com/iCalvin-Actual/swift-markdown-ui",
      "state" : {
        "branch" : "main",
        "revision" : "bdbd43f80239966be3b451a5dba6c70753705975"
      }
    }
  ],
  "version" : 3
}
