{
  "pins" : [
    {
      "identity" : "swift-markdown-ui",
      "kind" : "remoteSourceControl",
      "location" : "https://github.com/gonzalezreal/swift-markdown-ui",
      "state" : {
        "revision" : "5e15c0d75e42b9840301503e0df681027d4bea05",
        "version" : "2.0.1"
      }
    }
  ],
  "version" : 2
}
