{
  "originHash" : "063431f879d5d09e1721306908b98bdc6b3c787ce03fc947dc28f2624ceb12d6",
  "pins" : [
    {
      "identity" : "blackbird",
      "kind" : "remoteSourceControl",
      "location" : "https://github.com/iCalvin-Actual/Blackbird",
      "state" : {
        "branch" : "main",
        "revision" : "7cb648465eb4babf77952d68c855d20517f2b962"
      }
    },
    {
      "identity" : "markdowneditor",
      "kind" : "remoteSourceControl",
      "location" : "https://github.com/iCalvin-Actual/MarkdownEditor.git",
      "state" : {
        "branch" : "main",
        "revision" : "4f40e85a59fa2906fe5da30c5615b1ba3f4f7df6"
      }
    },
    {
      "identity" : "networkimage",
      "kind" : "remoteSourceControl",
      "location" : "https://github.com/gonzalezreal/NetworkImage",
      "state" : {
        "revision" : "2849f5323265386e200484b0d0f896e73c3411b9",
        "version" : "6.0.1"
      }
    },
    {
      "identity" : "punycodeswift",
      "kind" : "remoteSourceControl",
      "location" : "https://github.com/iCalvin-Actual/PunycodeSwift",
      "state" : {
        "branch" : "main",
        "revision" : "30a462bdb4398ea835a3585472229e0d74b36ba5"
      }
    },
    {
      "identity" : "swift-markdown-ui",
      "kind" : "remoteSourceControl",
      "location" : "https://github.com/iCalvin-Actual/swift-markdown-ui",
      "state" : {
        "branch" : "main",
        "revision" : "bdbd43f80239966be3b451a5dba6c70753705975"
      }
    }
  ],
  "version" : 3
}
